
Microsoft Visual Studio Solution File, Format Version 12.00
# Visual Studio Version 16
VisualStudioVersion = 16.0.29424.173
MinimumVisualStudioVersion = 10.0.40219.1
Project("{2150E333-8FDC-42A3-9474-1A3956D46DE8}") = "Additional Files", "Additional Files", "{863033F2-F0C2-4A03-BB3B-93FD3954A92C}"
EndProject
Project("{2150E333-8FDC-42A3-9474-1A3956D46DE8}") = "Git", "Git", "{F6CF86DA-B4B9-4972-B28E-D5D84FCAC593}"
	ProjectSection(SolutionItems) = preProject
		..\.gitattributes = ..\.gitattributes
		..\.gitignore = ..\.gitignore
		..\contributors.txt = ..\contributors.txt
		..\.github\FUNDING.yml = ..\.github\FUNDING.yml
		..\LICENSE.md = ..\LICENSE.md
		..\README.md = ..\README.md
	EndProjectSection
EndProject
Project("{2150E333-8FDC-42A3-9474-1A3956D46DE8}") = "Style", "Style", "{E339120D-BD05-4C00-B590-EA5F4C92576E}"
	ProjectSection(SolutionItems) = preProject
		.editorconfig = .editorconfig
		CodeMaid.config = CodeMaid.config
		Settings.StyleCop = Settings.StyleCop
	EndProjectSection
EndProject
Project("{9A19103F-16F7-4668-BE54-9A1E7A4F7556}") = "Akira.Contracts.TestTools.Scenarios", "Akira.Contracts.TestTools.Scenarios\Akira.Contracts.TestTools.Scenarios.csproj", "{793830E1-9540-419C-9AFB-3B67555C8693}"
EndProject
Project("{9A19103F-16F7-4668-BE54-9A1E7A4F7556}") = "Akira.TestTools.Scenarios", "Akira.TestTools.Scenarios\Akira.TestTools.Scenarios.csproj", "{DA3B9380-145D-4967-8836-7C1B5D96E6DC}"
EndProject
Project("{9A19103F-16F7-4668-BE54-9A1E7A4F7556}") = "Akira.TestTools.Scenarios.Tests", "Akira.TestTools.Scenarios.Tests\Akira.TestTools.Scenarios.Tests.csproj", "{123AF88A-8064-4999-BE1F-A3074AAAE56D}"
EndProject
Global
	GlobalSection(SolutionConfigurationPlatforms) = preSolution
		Debug|Any CPU = Debug|Any CPU
		Release|Any CPU = Release|Any CPU
	EndGlobalSection
	GlobalSection(ProjectConfigurationPlatforms) = postSolution
		{793830E1-9540-419C-9AFB-3B67555C8693}.Debug|Any CPU.ActiveCfg = Debug|Any CPU
		{793830E1-9540-419C-9AFB-3B67555C8693}.Debug|Any CPU.Build.0 = Debug|Any CPU
		{793830E1-9540-419C-9AFB-3B67555C8693}.Release|Any CPU.ActiveCfg = Release|Any CPU
		{793830E1-9540-419C-9AFB-3B67555C8693}.Release|Any CPU.Build.0 = Release|Any CPU
		{DA3B9380-145D-4967-8836-7C1B5D96E6DC}.Debug|Any CPU.ActiveCfg = Debug|Any CPU
		{DA3B9380-145D-4967-8836-7C1B5D96E6DC}.Debug|Any CPU.Build.0 = Debug|Any CPU
		{DA3B9380-145D-4967-8836-7C1B5D96E6DC}.Release|Any CPU.ActiveCfg = Release|Any CPU
		{DA3B9380-145D-4967-8836-7C1B5D96E6DC}.Release|Any CPU.Build.0 = Release|Any CPU
		{123AF88A-8064-4999-BE1F-A3074AAAE56D}.Debug|Any CPU.ActiveCfg = Debug|Any CPU
		{123AF88A-8064-4999-BE1F-A3074AAAE56D}.Debug|Any CPU.Build.0 = Debug|Any CPU
		{123AF88A-8064-4999-BE1F-A3074AAAE56D}.Release|Any CPU.ActiveCfg = Release|Any CPU
		{123AF88A-8064-4999-BE1F-A3074AAAE56D}.Release|Any CPU.Build.0 = Release|Any CPU
	EndGlobalSection
	GlobalSection(SolutionProperties) = preSolution
		HideSolutionNode = FALSE
	EndGlobalSection
	GlobalSection(NestedProjects) = preSolution
		{F6CF86DA-B4B9-4972-B28E-D5D84FCAC593} = {863033F2-F0C2-4A03-BB3B-93FD3954A92C}
		{E339120D-BD05-4C00-B590-EA5F4C92576E} = {863033F2-F0C2-4A03-BB3B-93FD3954A92C}
	EndGlobalSection
	GlobalSection(ExtensibilityGlobals) = postSolution
		SolutionGuid = {94E34649-E4C9-4862-8D73-664E29260F08}
	EndGlobalSection
EndGlobal
